{
  "nodes": {
    "catppuccin": {
      "locked": {
        "lastModified": 1735028008,
        "narHash": "sha256-crbQNRVQgPH0hX5vZk8xL9JStXo74Es7zDBjRcc4i+A=",
        "owner": "catppuccin",
        "repo": "nix",
        "rev": "bfd20bcf45f1de0e97b551be51495abf8a727f1a",
        "type": "github"
      },
      "original": {
        "owner": "catppuccin",
        "repo": "nix",
        "type": "github"
      }
    },
    "flake-compat": {
      "flake": false,
      "locked": {
        "lastModified": 1733328505,
        "narHash": "sha256-NeCCThCEP3eCl2l/+27kNNK7QrwZB1IJCrXfrbv5oqU=",
        "owner": "edolstra",
        "repo": "flake-compat",
        "rev": "ff81ac966bb2cae68946d5ed5fc4994f96d0ffec",
        "type": "github"
      },
      "original": {
        "owner": "edolstra",
        "repo": "flake-compat",
        "type": "github"
      }
    },
    "flake-parts": {
      "inputs": {
        "nixpkgs-lib": [
          "nur",
          "nixpkgs"
        ]
      },
      "locked": {
        "lastModified": 1733312601,
        "narHash": "sha256-4pDvzqnegAfRkPwO3wmwBhVi/Sye1mzps0zHWYnP88c=",
        "owner": "hercules-ci",
        "repo": "flake-parts",
        "rev": "205b12d8b7cd4802fbcb8e8ef6a0f1408781a4f9",
        "type": "github"
      },
      "original": {
        "owner": "hercules-ci",
        "repo": "flake-parts",
        "type": "github"
      }
    },
    "home-manager": {
      "inputs": {
        "nixpkgs": [
          "nixpkgs"
        ]
      },
      "locked": {
        "lastModified": 1735053786,
        "narHash": "sha256-Gm+0DcbUS338vvkwyYWms5jsWlx8z8MeQBzcnIDuIkw=",
        "owner": "nix-community",
        "repo": "home-manager",
        "rev": "35b98d20ca8f4ca1f6a2c30b8a2c8bb305a36d84",
        "type": "github"
      },
      "original": {
        "owner": "nix-community",
        "repo": "home-manager",
        "type": "github"
      }
    },
    "naersk": {
      "inputs": {
        "nixpkgs": "nixpkgs_3"
      },
      "locked": {
        "lastModified": 1717067539,
        "narHash": "sha256-oIs5EF+6VpHJRvvpVWuqCYJMMVW/6h59aYUv9lABLtY=",
        "owner": "nix-community",
        "repo": "naersk",
        "rev": "fa19d8c135e776dc97f4dcca08656a0eeb28d5c0",
        "type": "github"
      },
      "original": {
        "owner": "nix-community",
        "repo": "naersk",
        "type": "github"
      }
    },
    "nixpkgs": {
      "locked": {
        "lastModified": 1734649271,
        "narHash": "sha256-4EVBRhOjMDuGtMaofAIqzJbg4Ql7Ai0PSeuVZTHjyKQ=",
        "owner": "NixOS",
        "repo": "nixpkgs",
        "rev": "d70bd19e0a38ad4790d3913bf08fcbfc9eeca507",
        "type": "github"
      },
      "original": {
        "id": "nixpkgs",
        "ref": "nixos-unstable",
        "type": "indirect"
      }
    },
    "nixpkgs_2": {
      "locked": {
        "lastModified": 1734649271,
        "narHash": "sha256-4EVBRhOjMDuGtMaofAIqzJbg4Ql7Ai0PSeuVZTHjyKQ=",
        "owner": "nixos",
        "repo": "nixpkgs",
        "rev": "d70bd19e0a38ad4790d3913bf08fcbfc9eeca507",
        "type": "github"
      },
      "original": {
        "owner": "nixos",
        "ref": "nixos-unstable",
        "repo": "nixpkgs",
        "type": "github"
      }
    },
    "nixpkgs_3": {
      "locked": {
        "lastModified": 1718396522,
        "narHash": "sha256-C0re6ZtCqC1ndL7ib7vOqmgwvZDhOhJ1W0wQgX1tTIo=",
        "owner": "NixOS",
        "repo": "nixpkgs",
        "rev": "3e6b9369165397184774a4b7c5e8e5e46531b53f",
        "type": "github"
      },
      "original": {
        "id": "nixpkgs",
        "type": "indirect"
      }
    },
    "nixpkgs_4": {
      "locked": {
        "lastModified": 1734649271,
        "narHash": "sha256-4EVBRhOjMDuGtMaofAIqzJbg4Ql7Ai0PSeuVZTHjyKQ=",
        "owner": "NixOS",
        "repo": "nixpkgs",
        "rev": "d70bd19e0a38ad4790d3913bf08fcbfc9eeca507",
        "type": "github"
      },
      "original": {
        "owner": "NixOS",
        "ref": "nixos-unstable",
        "repo": "nixpkgs",
        "type": "github"
      }
    },
    "nur": {
      "inputs": {
        "flake-parts": "flake-parts",
        "nixpkgs": "nixpkgs_2",
        "treefmt-nix": "treefmt-nix"
      },
      "locked": {
        "lastModified": 1735055770,
        "narHash": "sha256-gAS8PxfXDHde8TZVQJ58yt2CjK3K+FRoAiuGW6dPHGU=",
        "owner": "nix-community",
        "repo": "NUR",
        "rev": "f94ad9a1f34effad4cda2d94558df9cd9a621135",
        "type": "github"
      },
      "original": {
        "owner": "nix-community",
        "repo": "NUR",
        "type": "github"
      }
    },
    "nyaa": {
      "inputs": {
        "naersk": "naersk",
        "nixpkgs": [
          "nixpkgs"
        ]
      },
      "locked": {
        "lastModified": 1729969881,
        "narHash": "sha256-797jdwOMdjToNZbo7V4bnfLuM7dQguxw7KK26ezhIoQ=",
        "owner": "Beastwick18",
        "repo": "nyaa",
        "rev": "c496c50451e12358f9f7b2bfe3b696a9bc10d47e",
        "type": "github"
      },
      "original": {
        "owner": "Beastwick18",
        "repo": "nyaa",
        "type": "github"
      }
    },
    "root": {
      "inputs": {
        "catppuccin": "catppuccin",
        "home-manager": "home-manager",
        "nixpkgs": "nixpkgs",
        "nur": "nur",
        "nyaa": "nyaa",
        "spicetify-nix": "spicetify-nix"
      }
    },
    "spicetify-nix": {
      "inputs": {
        "flake-compat": "flake-compat",
        "nixpkgs": "nixpkgs_4"
      },
      "locked": {
        "lastModified": 1735013792,
        "narHash": "sha256-kMSd7swqmksHIKh3CRTKTVkKDhqe68JKXkAg7GmAX4s=",
        "owner": "Gerg-L",
        "repo": "spicetify-nix",
        "rev": "0b442bc3b6e796565c126ab720429650269e46ec",
        "type": "github"
      },
      "original": {
        "owner": "Gerg-L",
        "repo": "spicetify-nix",
        "type": "github"
      }
    },
    "treefmt-nix": {
      "inputs": {
        "nixpkgs": [
          "nur",
          "nixpkgs"
        ]
      },
      "locked": {
        "lastModified": 1733222881,
        "narHash": "sha256-JIPcz1PrpXUCbaccEnrcUS8jjEb/1vJbZz5KkobyFdM=",
        "owner": "numtide",
        "repo": "treefmt-nix",
        "rev": "49717b5af6f80172275d47a418c9719a31a78b53",
        "type": "github"
      },
      "original": {
        "owner": "numtide",
        "repo": "treefmt-nix",
        "type": "github"
      }
    }
  },
  "root": "root",
  "version": 7
}
